
Microsoft Visual Studio Solution File, Format Version 12.00
# Visual Studio Version 16
VisualStudioVersion = 16.0.29613.14
MinimumVisualStudioVersion = 10.0.40219.1
Project("{FAE04EC0-301F-11D3-BF4B-00C04F79EFBC}") = "Wpf_Chemeris_PR1", "Wpf_Chemeris_PR1.csproj", "{A15955C5-F58B-44ED-B3C3-E36CC97F5404}"
EndProject
Global
	GlobalSection(SolutionConfigurationPlatforms) = preSolution
		Debug|Any CPU = Debug|Any CPU
		Release|Any CPU = Release|Any CPU
	EndGlobalSection
	GlobalSection(ProjectConfigurationPlatforms) = postSolution
		{A15955C5-F58B-44ED-B3C3-E36CC97F5404}.Debug|Any CPU.ActiveCfg = Debug|Any CPU
		{A15955C5-F58B-44ED-B3C3-E36CC97F5404}.Debug|Any CPU.Build.0 = Debug|Any CPU
		{A15955C5-F58B-44ED-B3C3-E36CC97F5404}.Release|Any CPU.ActiveCfg = Release|Any CPU
		{A15955C5-F58B-44ED-B3C3-E36CC97F5404}.Release|Any CPU.Build.0 = Release|Any CPU
	EndGlobalSection
	GlobalSection(SolutionProperties) = preSolution
		HideSolutionNode = FALSE
	EndGlobalSection
	GlobalSection(ExtensibilityGlobals) = postSolution
		SolutionGuid = {7A94CAC0-93D9-47A6-A005-EC09E3E91911}
	EndGlobalSection
EndGlobal
